# THIS IS AN AUTOGENERATED FILE. DO NOT EDIT THIS FILE DIRECTLY.
# yarn lockfile v1


"@rush-temp/add-me@file:./projects/add-me.tgz":
  version "0.0.0"
  resolved "file:./projects/add-me.tgz#73c0ac8aa5345d733d1ba198175065e4786edbb2"
  dependencies:
    "@types/lodash" "4.14.149"
    lodash "4.17.15"

"@rush-temp/add-to-me@file:./projects/add-to-me.tgz":
  version "0.0.0"
  resolved "file:./projects/add-to-me.tgz#37187d4f38982ab0a4bc89c93e2673cbd71a72e2"
  dependencies:
    lodash "4.17.15"

"@rush-temp/already-added@file:./projects/already-added.tgz":
  version "0.0.0"
  resolved "file:./projects/already-added.tgz#77563a4d87e3fd50c7cf7a95e120d72bac41201c"
  dependencies:
    lodash "4.17.15"

"@types/lodash@4.14.149":
  version "4.14.149"
  resolved "https://registry.yarnpkg.com/@types/lodash/-/lodash-4.14.149.tgz#1342d63d948c6062838fbf961012f74d4e638440"
  integrity sha512-ijGqzZt/b7BfzcK9vTrS6MFljQRPn5BFWOx8oE0GYxribu6uV+aA9zZuXI1zc/etK9E8nrgdoF2+LgUw7+9tJQ==

lodash@4.17.15:
  version "4.17.15"
  resolved "https://registry.yarnpkg.com/lodash/-/lodash-4.17.15.tgz#b447f6670a0455bbfeedd11392eff330ea097548"
  integrity sha512-8xOcRHvCjnocdS5cpwXQXVzmmh5e5+saE2QGoeQmbKmRS6J3VQppPOIt0MnmE+4xlZoumy0GPG0D0MVIQbNA1A==
